
Microsoft Visual Studio Solution File, Format Version 12.00
# Visual Studio Version 16
VisualStudioVersion = 16.0.33130.400
MinimumVisualStudioVersion = 10.0.40219.1
Project("{FAE04EC0-301F-11D3-BF4B-00C04F79EFBC}") = "LogginginAspDOTNET", "LogginginAspDOTNET\LogginginAspDOTNET.csproj", "{912FADC0-275A-44C8-B6F7-B39FC6DFD977}"
EndProject
Global
	GlobalSection(SolutionConfigurationPlatforms) = preSolution
		Debug|Any CPU = Debug|Any CPU
		Release|Any CPU = Release|Any CPU
	EndGlobalSection
	GlobalSection(ProjectConfigurationPlatforms) = postSolution
		{912FADC0-275A-44C8-B6F7-B39FC6DFD977}.Debug|Any CPU.ActiveCfg = Debug|Any CPU
		{912FADC0-275A-44C8-B6F7-B39FC6DFD977}.Debug|Any CPU.Build.0 = Debug|Any CPU
		{912FADC0-275A-44C8-B6F7-B39FC6DFD977}.Release|Any CPU.ActiveCfg = Release|Any CPU
		{912FADC0-275A-44C8-B6F7-B39FC6DFD977}.Release|Any CPU.Build.0 = Release|Any CPU
	EndGlobalSection
	GlobalSection(SolutionProperties) = preSolution
		HideSolutionNode = FALSE
	EndGlobalSection
	GlobalSection(ExtensibilityGlobals) = postSolution
		SolutionGuid = {640F4476-63A7-4888-B1D6-B265FF0F6517}
	EndGlobalSection
EndGlobal
